PODS:
  - HealthKitReporter (3.1.0)
  - HealthKitReporter/Tests (3.1.0)

DEPENDENCIES:
  - HealthKitReporter (from `../`)
  - HealthKitReporter/Tests (from `../`)

EXTERNAL SOURCES:
  HealthKitReporter:
    :path: "../"

SPEC CHECKSUMS:
  HealthKitReporter: 4fae728be1afa52c4833d4cfb9835b368bfc89e6

PODFILE CHECKSUM: 42dc208a4788fd9b7d8eebf0c62dd84606fddf4d

COCOAPODS: 1.16.2
